
Microsoft Visual Studio Solution File, Format Version 12.00
# Visual Studio Version 17
VisualStudioVersion = 17.1.32319.34
MinimumVisualStudioVersion = 10.0.40219.1
Project("{2150E333-8FDC-42A3-9474-1A3956D46DE8}") = "src", "src", "{EA45CE83-E193-4D99-96A8-641CC63B8949}"
EndProject
Project("{2150E333-8FDC-42A3-9474-1A3956D46DE8}") = "tests", "tests", "{B0ECFB7A-0B8A-41C6-808C-F5FE873F77A2}"
EndProject
Project("{2150E333-8FDC-42A3-9474-1A3956D46DE8}") = "Core", "Core", "{806FEEEB-24A2-4297-8324-3D1739887D46}"
EndProject
Project("{2150E333-8FDC-42A3-9474-1A3956D46DE8}") = "Presentations", "Presentations", "{B5C5E83F-E1DB-433C-9F72-82C320B47061}"
EndProject
Project("{2150E333-8FDC-42A3-9474-1A3956D46DE8}") = "Shared", "Shared", "{F62F3244-249A-48E5-A964-035B6B7AE495}"
EndProject
Project("{FAE04EC0-301F-11D3-BF4B-00C04F79EFBC}") = "E-Commerce.Api", "E-Commerce.Api\E-Commerce.Api.csproj", "{8670925B-759A-4072-9C1D-A3473D2FDB5F}"
EndProject
Project("{FAE04EC0-301F-11D3-BF4B-00C04F79EFBC}") = "E-Commerce.Domain", "E-Commerce.Domain\E-Commerce.Domain.csproj", "{F180E51D-5510-491A-A7CA-B4E40B0ED918}"
EndProject
Project("{FAE04EC0-301F-11D3-BF4B-00C04F79EFBC}") = "E-Commerce.Application", "E-Commerce.Application\E-Commerce.Application.csproj", "{7F7B85C9-D13D-4BE0-AEDA-287C372DA6B3}"
EndProject
Project("{2150E333-8FDC-42A3-9474-1A3956D46DE8}") = "Infrastructure", "Infrastructure", "{8C5CFD95-1C5A-4A15-8783-A467A98AF808}"
EndProject
Project("{FAE04EC0-301F-11D3-BF4B-00C04F79EFBC}") = "E-Commerce.Infrastructure", "E-Commerce.Infrastructure\E-Commerce.Infrastructure.csproj", "{C7436B97-C3AD-4045-84A8-9B6666A23B6A}"
EndProject
Project("{FAE04EC0-301F-11D3-BF4B-00C04F79EFBC}") = "E-Commerce.Persistence", "E-Commerce.Persistence\E-Commerce.Persistence.csproj", "{F9FFC197-279B-482F-A1A5-E44AC36ECB04}"
EndProject
Project("{FAE04EC0-301F-11D3-BF4B-00C04F79EFBC}") = "E-Commerce.Shared", "E-Commerce.Shared\E-Commerce.Shared.csproj", "{9DEB3FBC-4F1B-4B4D-836B-BAD9CF9A0C85}"
EndProject
Global
	GlobalSection(SolutionConfigurationPlatforms) = preSolution
		Debug|Any CPU = Debug|Any CPU
		Release|Any CPU = Release|Any CPU
	EndGlobalSection
	GlobalSection(ProjectConfigurationPlatforms) = postSolution
		{8670925B-759A-4072-9C1D-A3473D2FDB5F}.Debug|Any CPU.ActiveCfg = Debug|Any CPU
		{8670925B-759A-4072-9C1D-A3473D2FDB5F}.Debug|Any CPU.Build.0 = Debug|Any CPU
		{8670925B-759A-4072-9C1D-A3473D2FDB5F}.Release|Any CPU.ActiveCfg = Release|Any CPU
		{8670925B-759A-4072-9C1D-A3473D2FDB5F}.Release|Any CPU.Build.0 = Release|Any CPU
		{F180E51D-5510-491A-A7CA-B4E40B0ED918}.Debug|Any CPU.ActiveCfg = Debug|Any CPU
		{F180E51D-5510-491A-A7CA-B4E40B0ED918}.Debug|Any CPU.Build.0 = Debug|Any CPU
		{F180E51D-5510-491A-A7CA-B4E40B0ED918}.Release|Any CPU.ActiveCfg = Release|Any CPU
		{F180E51D-5510-491A-A7CA-B4E40B0ED918}.Release|Any CPU.Build.0 = Release|Any CPU
		{7F7B85C9-D13D-4BE0-AEDA-287C372DA6B3}.Debug|Any CPU.ActiveCfg = Debug|Any CPU
		{7F7B85C9-D13D-4BE0-AEDA-287C372DA6B3}.Debug|Any CPU.Build.0 = Debug|Any CPU
		{7F7B85C9-D13D-4BE0-AEDA-287C372DA6B3}.Release|Any CPU.ActiveCfg = Release|Any CPU
		{7F7B85C9-D13D-4BE0-AEDA-287C372DA6B3}.Release|Any CPU.Build.0 = Release|Any CPU
		{C7436B97-C3AD-4045-84A8-9B6666A23B6A}.Debug|Any CPU.ActiveCfg = Debug|Any CPU
		{C7436B97-C3AD-4045-84A8-9B6666A23B6A}.Debug|Any CPU.Build.0 = Debug|Any CPU
		{C7436B97-C3AD-4045-84A8-9B6666A23B6A}.Release|Any CPU.ActiveCfg = Release|Any CPU
		{C7436B97-C3AD-4045-84A8-9B6666A23B6A}.Release|Any CPU.Build.0 = Release|Any CPU
		{F9FFC197-279B-482F-A1A5-E44AC36ECB04}.Debug|Any CPU.ActiveCfg = Debug|Any CPU
		{F9FFC197-279B-482F-A1A5-E44AC36ECB04}.Debug|Any CPU.Build.0 = Debug|Any CPU
		{F9FFC197-279B-482F-A1A5-E44AC36ECB04}.Release|Any CPU.ActiveCfg = Release|Any CPU
		{F9FFC197-279B-482F-A1A5-E44AC36ECB04}.Release|Any CPU.Build.0 = Release|Any CPU
		{9DEB3FBC-4F1B-4B4D-836B-BAD9CF9A0C85}.Debug|Any CPU.ActiveCfg = Debug|Any CPU
		{9DEB3FBC-4F1B-4B4D-836B-BAD9CF9A0C85}.Debug|Any CPU.Build.0 = Debug|Any CPU
		{9DEB3FBC-4F1B-4B4D-836B-BAD9CF9A0C85}.Release|Any CPU.ActiveCfg = Release|Any CPU
		{9DEB3FBC-4F1B-4B4D-836B-BAD9CF9A0C85}.Release|Any CPU.Build.0 = Release|Any CPU
	EndGlobalSection
	GlobalSection(SolutionProperties) = preSolution
		HideSolutionNode = FALSE
	EndGlobalSection
	GlobalSection(NestedProjects) = preSolution
		{806FEEEB-24A2-4297-8324-3D1739887D46} = {EA45CE83-E193-4D99-96A8-641CC63B8949}
		{B5C5E83F-E1DB-433C-9F72-82C320B47061} = {EA45CE83-E193-4D99-96A8-641CC63B8949}
		{F62F3244-249A-48E5-A964-035B6B7AE495} = {EA45CE83-E193-4D99-96A8-641CC63B8949}
		{8670925B-759A-4072-9C1D-A3473D2FDB5F} = {B5C5E83F-E1DB-433C-9F72-82C320B47061}
		{F180E51D-5510-491A-A7CA-B4E40B0ED918} = {806FEEEB-24A2-4297-8324-3D1739887D46}
		{7F7B85C9-D13D-4BE0-AEDA-287C372DA6B3} = {806FEEEB-24A2-4297-8324-3D1739887D46}
		{8C5CFD95-1C5A-4A15-8783-A467A98AF808} = {EA45CE83-E193-4D99-96A8-641CC63B8949}
		{C7436B97-C3AD-4045-84A8-9B6666A23B6A} = {8C5CFD95-1C5A-4A15-8783-A467A98AF808}
		{F9FFC197-279B-482F-A1A5-E44AC36ECB04} = {8C5CFD95-1C5A-4A15-8783-A467A98AF808}
		{9DEB3FBC-4F1B-4B4D-836B-BAD9CF9A0C85} = {F62F3244-249A-48E5-A964-035B6B7AE495}
	EndGlobalSection
	GlobalSection(ExtensibilityGlobals) = postSolution
		SolutionGuid = {A6B6F12B-E36B-4912-8505-375F030788F7}
	EndGlobalSection
EndGlobal
