
Microsoft Visual Studio Solution File, Format Version 12.00
# Visual Studio Version 17
VisualStudioVersion = 17.1.32319.34
MinimumVisualStudioVersion = 10.0.40219.1
Project("{2150E333-8FDC-42A3-9474-1A3956D46DE8}") = "src", "src", "{EA45CE83-E193-4D99-96A8-641CC63B8949}"
EndProject
Project("{2150E333-8FDC-42A3-9474-1A3956D46DE8}") = "tests", "tests", "{B0ECFB7A-0B8A-41C6-808C-F5FE873F77A2}"
EndProject
Project("{9A19103F-16F7-4668-BE54-9A1E7A4F7556}") = "JustCommerce.Api", "src\JustCommerce.Api\JustCommerce.Api.csproj", "{EE186CCB-89B3-482E-AB94-52E7FB32969C}"
EndProject
Project("{9A19103F-16F7-4668-BE54-9A1E7A4F7556}") = "JustCommerce.Application", "src\JustCommerce.Application\JustCommerce.Application.csproj", "{1DD51749-BF26-44D8-9B99-A0564A9A7AE7}"
EndProject
Project("{9A19103F-16F7-4668-BE54-9A1E7A4F7556}") = "JustCommerce.Domain", "src\JustCommerce.Domain\JustCommerce.Domain.csproj", "{456D3101-D149-43E8-B747-CCF517AFEE3A}"
EndProject
Project("{9A19103F-16F7-4668-BE54-9A1E7A4F7556}") = "JustCommerce.Infrastructure", "src\JustCommerce.Infrastructure\JustCommerce.Infrastructure.csproj", "{9D0ACB81-B810-413D-9851-19E99D978D54}"
EndProject
Project("{9A19103F-16F7-4668-BE54-9A1E7A4F7556}") = "JustCommerce.Persistence", "src\JustCommerce.Persistence\JustCommerce.Persistence.csproj", "{EBCC2380-756E-4E29-9E9D-2AE70191C7D7}"
EndProject
Project("{9A19103F-16F7-4668-BE54-9A1E7A4F7556}") = "JustCommerce.Shared", "src\JustCommerce.Shared\JustCommerce.Shared.csproj", "{C207C4BD-9CC3-49D3-92FA-6FA2D34975EA}"
EndProject
Project("{2150E333-8FDC-42A3-9474-1A3956D46DE8}") = "Core", "Core", "{BF11A924-4941-4490-B34E-0E34982D4C8F}"
EndProject
Project("{2150E333-8FDC-42A3-9474-1A3956D46DE8}") = "Infrastructure", "Infrastructure", "{5F8672B6-1CB5-4A43-8B04-8FBDDC5230B0}"
EndProject
Project("{2150E333-8FDC-42A3-9474-1A3956D46DE8}") = "Presentations", "Presentations", "{64EBACC8-2F1C-4CB0-A68C-540DE991E971}"
EndProject
Project("{2150E333-8FDC-42A3-9474-1A3956D46DE8}") = "Shared", "Shared", "{CFA40FE1-6F02-44DA-BACB-0174110890BC}"
EndProject
Project("{2150E333-8FDC-42A3-9474-1A3956D46DE8}") = "CodeSnippets", "CodeSnippets", "{9D96D592-4F2E-4274-9E76-65E531735221}"
	ProjectSection(SolutionItems) = preProject
		src\CodeSnippets\MediatorStructureReturnObjCS.snippet = src\CodeSnippets\MediatorStructureReturnObjCS.snippet
		src\CodeSnippets\MediatorStructureReturnUnitCS.snippet = src\CodeSnippets\MediatorStructureReturnUnitCS.snippet
		src\CodeSnippets\ThrowEntityNotFoundExceptionCS.snippet = src\CodeSnippets\ThrowEntityNotFoundExceptionCS.snippet
	EndProjectSection
EndProject
Project("{2150E333-8FDC-42A3-9474-1A3956D46DE8}") = "ApplicationTests", "ApplicationTests", "{BBB3CF01-82A7-4CAF-BABE-FD0468807EE5}"
EndProject
Project("{9A19103F-16F7-4668-BE54-9A1E7A4F7556}") = "Application.IntegrationTests", "tests\Application\Application.IntegrationTests\Application.IntegrationTests.csproj", "{247D41E0-515F-45F3-9BCA-B1C7D8FC774D}"
EndProject
Project("{9A19103F-16F7-4668-BE54-9A1E7A4F7556}") = "Application.UnitTests", "tests\Application\Application.UnitTests\Application.UnitTests.csproj", "{F2B20592-4DDE-48CA-A75E-38F8D64845AA}"
EndProject
Project("{2150E333-8FDC-42A3-9474-1A3956D46DE8}") = "Shared", "Shared", "{14D8A1E2-AF09-4BD6-BBE1-E22134758F7C}"
EndProject
Project("{FAE04EC0-301F-11D3-BF4B-00C04F79EFBC}") = "Shared.UnitTests", "tests\Shared\Shared.UnitTests\Shared.UnitTests.csproj", "{9277F95C-065B-47EA-84E2-0F9001F470CC}"
EndProject
Global
	GlobalSection(SolutionConfigurationPlatforms) = preSolution
		Debug|Any CPU = Debug|Any CPU
		Release|Any CPU = Release|Any CPU
	EndGlobalSection
	GlobalSection(ProjectConfigurationPlatforms) = postSolution
		{EE186CCB-89B3-482E-AB94-52E7FB32969C}.Debug|Any CPU.ActiveCfg = Debug|Any CPU
		{EE186CCB-89B3-482E-AB94-52E7FB32969C}.Debug|Any CPU.Build.0 = Debug|Any CPU
		{EE186CCB-89B3-482E-AB94-52E7FB32969C}.Release|Any CPU.ActiveCfg = Release|Any CPU
		{EE186CCB-89B3-482E-AB94-52E7FB32969C}.Release|Any CPU.Build.0 = Release|Any CPU
		{1DD51749-BF26-44D8-9B99-A0564A9A7AE7}.Debug|Any CPU.ActiveCfg = Debug|Any CPU
		{1DD51749-BF26-44D8-9B99-A0564A9A7AE7}.Debug|Any CPU.Build.0 = Debug|Any CPU
		{1DD51749-BF26-44D8-9B99-A0564A9A7AE7}.Release|Any CPU.ActiveCfg = Release|Any CPU
		{1DD51749-BF26-44D8-9B99-A0564A9A7AE7}.Release|Any CPU.Build.0 = Release|Any CPU
		{456D3101-D149-43E8-B747-CCF517AFEE3A}.Debug|Any CPU.ActiveCfg = Debug|Any CPU
		{456D3101-D149-43E8-B747-CCF517AFEE3A}.Debug|Any CPU.Build.0 = Debug|Any CPU
		{456D3101-D149-43E8-B747-CCF517AFEE3A}.Release|Any CPU.ActiveCfg = Release|Any CPU
		{456D3101-D149-43E8-B747-CCF517AFEE3A}.Release|Any CPU.Build.0 = Release|Any CPU
		{9D0ACB81-B810-413D-9851-19E99D978D54}.Debug|Any CPU.ActiveCfg = Debug|Any CPU
		{9D0ACB81-B810-413D-9851-19E99D978D54}.Debug|Any CPU.Build.0 = Debug|Any CPU
		{9D0ACB81-B810-413D-9851-19E99D978D54}.Release|Any CPU.ActiveCfg = Release|Any CPU
		{9D0ACB81-B810-413D-9851-19E99D978D54}.Release|Any CPU.Build.0 = Release|Any CPU
		{EBCC2380-756E-4E29-9E9D-2AE70191C7D7}.Debug|Any CPU.ActiveCfg = Debug|Any CPU
		{EBCC2380-756E-4E29-9E9D-2AE70191C7D7}.Debug|Any CPU.Build.0 = Debug|Any CPU
		{EBCC2380-756E-4E29-9E9D-2AE70191C7D7}.Release|Any CPU.ActiveCfg = Release|Any CPU
		{EBCC2380-756E-4E29-9E9D-2AE70191C7D7}.Release|Any CPU.Build.0 = Release|Any CPU
		{C207C4BD-9CC3-49D3-92FA-6FA2D34975EA}.Debug|Any CPU.ActiveCfg = Debug|Any CPU
		{C207C4BD-9CC3-49D3-92FA-6FA2D34975EA}.Debug|Any CPU.Build.0 = Debug|Any CPU
		{C207C4BD-9CC3-49D3-92FA-6FA2D34975EA}.Release|Any CPU.ActiveCfg = Release|Any CPU
		{C207C4BD-9CC3-49D3-92FA-6FA2D34975EA}.Release|Any CPU.Build.0 = Release|Any CPU
		{247D41E0-515F-45F3-9BCA-B1C7D8FC774D}.Debug|Any CPU.ActiveCfg = Debug|Any CPU
		{247D41E0-515F-45F3-9BCA-B1C7D8FC774D}.Debug|Any CPU.Build.0 = Debug|Any CPU
		{247D41E0-515F-45F3-9BCA-B1C7D8FC774D}.Release|Any CPU.ActiveCfg = Release|Any CPU
		{247D41E0-515F-45F3-9BCA-B1C7D8FC774D}.Release|Any CPU.Build.0 = Release|Any CPU
		{F2B20592-4DDE-48CA-A75E-38F8D64845AA}.Debug|Any CPU.ActiveCfg = Debug|Any CPU
		{F2B20592-4DDE-48CA-A75E-38F8D64845AA}.Debug|Any CPU.Build.0 = Debug|Any CPU
		{F2B20592-4DDE-48CA-A75E-38F8D64845AA}.Release|Any CPU.ActiveCfg = Release|Any CPU
		{F2B20592-4DDE-48CA-A75E-38F8D64845AA}.Release|Any CPU.Build.0 = Release|Any CPU
		{9277F95C-065B-47EA-84E2-0F9001F470CC}.Debug|Any CPU.ActiveCfg = Debug|Any CPU
		{9277F95C-065B-47EA-84E2-0F9001F470CC}.Debug|Any CPU.Build.0 = Debug|Any CPU
		{9277F95C-065B-47EA-84E2-0F9001F470CC}.Release|Any CPU.ActiveCfg = Release|Any CPU
		{9277F95C-065B-47EA-84E2-0F9001F470CC}.Release|Any CPU.Build.0 = Release|Any CPU
	EndGlobalSection
	GlobalSection(SolutionProperties) = preSolution
		HideSolutionNode = FALSE
	EndGlobalSection
	GlobalSection(NestedProjects) = preSolution
		{EE186CCB-89B3-482E-AB94-52E7FB32969C} = {64EBACC8-2F1C-4CB0-A68C-540DE991E971}
		{1DD51749-BF26-44D8-9B99-A0564A9A7AE7} = {BF11A924-4941-4490-B34E-0E34982D4C8F}
		{456D3101-D149-43E8-B747-CCF517AFEE3A} = {BF11A924-4941-4490-B34E-0E34982D4C8F}
		{9D0ACB81-B810-413D-9851-19E99D978D54} = {5F8672B6-1CB5-4A43-8B04-8FBDDC5230B0}
		{EBCC2380-756E-4E29-9E9D-2AE70191C7D7} = {5F8672B6-1CB5-4A43-8B04-8FBDDC5230B0}
		{C207C4BD-9CC3-49D3-92FA-6FA2D34975EA} = {CFA40FE1-6F02-44DA-BACB-0174110890BC}
		{BF11A924-4941-4490-B34E-0E34982D4C8F} = {EA45CE83-E193-4D99-96A8-641CC63B8949}
		{5F8672B6-1CB5-4A43-8B04-8FBDDC5230B0} = {EA45CE83-E193-4D99-96A8-641CC63B8949}
		{64EBACC8-2F1C-4CB0-A68C-540DE991E971} = {EA45CE83-E193-4D99-96A8-641CC63B8949}
		{CFA40FE1-6F02-44DA-BACB-0174110890BC} = {EA45CE83-E193-4D99-96A8-641CC63B8949}
		{BBB3CF01-82A7-4CAF-BABE-FD0468807EE5} = {B0ECFB7A-0B8A-41C6-808C-F5FE873F77A2}
		{247D41E0-515F-45F3-9BCA-B1C7D8FC774D} = {BBB3CF01-82A7-4CAF-BABE-FD0468807EE5}
		{F2B20592-4DDE-48CA-A75E-38F8D64845AA} = {BBB3CF01-82A7-4CAF-BABE-FD0468807EE5}
		{14D8A1E2-AF09-4BD6-BBE1-E22134758F7C} = {B0ECFB7A-0B8A-41C6-808C-F5FE873F77A2}
		{9277F95C-065B-47EA-84E2-0F9001F470CC} = {14D8A1E2-AF09-4BD6-BBE1-E22134758F7C}
	EndGlobalSection
	GlobalSection(ExtensibilityGlobals) = postSolution
		SolutionGuid = {A6B6F12B-E36B-4912-8505-375F030788F7}
	EndGlobalSection
EndGlobal
